
Microsoft Visual Studio Solution File, Format Version 12.00
# Visual Studio 2015
Project("{FAE04EC0-301F-11D3-BF4B-00C04F79EFBC}") = "JumpGame", "JumpGame.csproj", "{B9391CE7-DD94-437C-E7CD-14BE54E092FD}"
EndProject
Global
	GlobalSection(SolutionConfigurationPlatforms) = preSolution
		Debug|Any CPU = Debug|Any CPU
		Release|Any CPU = Release|Any CPU
	EndGlobalSection
	GlobalSection(ProjectConfigurationPlatforms) = postSolution
		{B9391CE7-DD94-437C-E7CD-14BE54E092FD}.Debug|Any CPU.ActiveCfg = Debug|Any CPU
		{B9391CE7-DD94-437C-E7CD-14BE54E092FD}.Debug|Any CPU.Build.0 = Debug|Any CPU
		{B9391CE7-DD94-437C-E7CD-14BE54E092FD}.Release|Any CPU.ActiveCfg = Release|Any CPU
		{B9391CE7-DD94-437C-E7CD-14BE54E092FD}.Release|Any CPU.Build.0 = Release|Any CPU
	EndGlobalSection
	GlobalSection(SolutionProperties) = preSolution
		HideSolutionNode = FALSE
	EndGlobalSection
EndGlobal
